PODS:
  - Flutter (1.0.0)
  - flutter_hk_write (0.0.1):
    - Flutter

DEPENDENCIES:
  - Flutter (from `Flutter`)
  - flutter_hk_write (from `.symlinks/plugins/flutter_hk_write/ios`)

EXTERNAL SOURCES:
  Flutter:
    :path: Flutter
  flutter_hk_write:
    :path: ".symlinks/plugins/flutter_hk_write/ios"

SPEC CHECKSUMS:
  Flutter: 0e3d915762c693b495b44d77113d4970485de6ec
  flutter_hk_write: c57a3603f779cc3baa466e034df012aa2f6ddedd

PODFILE CHECKSUM: 083258d7f5e80b42ea9bfee905fe93049bc04c64

COCOAPODS: 1.9.3
